
Microsoft Visual Studio Solution File, Format Version 12.00
# Visual Studio Version 17
VisualStudioVersion = 17.3.32929.385
MinimumVisualStudioVersion = 10.0.40219.1
Project("{888888A0-9F3D-457C-B088-3A5042F75D52}") = "Oy", "Oy.pyproj", "{3492C371-9C85-4EBB-9425-1B3BACDCBBD0}"
EndProject
Global
	GlobalSection(SolutionConfigurationPlatforms) = preSolution
		Debug|Any CPU = Debug|Any CPU
		Release|Any CPU = Release|Any CPU
	EndGlobalSection
	GlobalSection(ProjectConfigurationPlatforms) = postSolution
		{3492C371-9C85-4EBB-9425-1B3BACDCBBD0}.Debug|Any CPU.ActiveCfg = Debug|Any CPU
		{3492C371-9C85-4EBB-9425-1B3BACDCBBD0}.Release|Any CPU.ActiveCfg = Release|Any CPU
	EndGlobalSection
	GlobalSection(SolutionProperties) = preSolution
		HideSolutionNode = FALSE
	EndGlobalSection
	GlobalSection(ExtensibilityGlobals) = postSolution
		SolutionGuid = {2276E150-B33C-4E05-8692-BAFD49AD0E9C}
	EndGlobalSection
EndGlobal
